
Microsoft Visual Studio Solution File, Format Version 12.00
# Visual Studio 2012
Project("{FAE04EC0-301F-11D3-BF4B-00C04F79EFBC}") = "SILO", "SILO\SILO.csproj", "{91CC3F5D-8010-45FA-8591-E09CF16BD1FB}"
EndProject
Project("{FAE04EC0-301F-11D3-BF4B-00C04F79EFBC}") = "SILO.Pandora.Engine", "SILO.Pandora.Engine\SILO.Pandora.Engine.csproj", "{04DE8D27-E013-4406-8C3B-6438C3D41D68}"
EndProject
Project("{FAE04EC0-301F-11D3-BF4B-00C04F79EFBC}") = "SILO.Pandora.Player", "SILO.Pandora.Player\SILO.Pandora.Player.csproj", "{967CB0DF-7EBA-49EF-8E5C-2CD45686208F}"
EndProject
Project("{FAE04EC0-301F-11D3-BF4B-00C04F79EFBC}") = "SILO.Sonos.SonosUPnP", "SILO.Sonos.SonosUPnP\SILO.Sonos.SonosUPnP.csproj", "{9DE76BE9-A61B-4754-92DE-05B9FD2EEC5A}"
EndProject
Global
	GlobalSection(SolutionConfigurationPlatforms) = preSolution
		Debug|Any CPU = Debug|Any CPU
		Debug|Mixed Platforms = Debug|Mixed Platforms
		Debug|x86 = Debug|x86
		Release|Any CPU = Release|Any CPU
		Release|Mixed Platforms = Release|Mixed Platforms
		Release|x86 = Release|x86
	EndGlobalSection
	GlobalSection(ProjectConfigurationPlatforms) = postSolution
		{91CC3F5D-8010-45FA-8591-E09CF16BD1FB}.Debug|Any CPU.ActiveCfg = Debug|Any CPU
		{91CC3F5D-8010-45FA-8591-E09CF16BD1FB}.Debug|Any CPU.Build.0 = Debug|Any CPU
		{91CC3F5D-8010-45FA-8591-E09CF16BD1FB}.Debug|Mixed Platforms.ActiveCfg = Debug|Any CPU
		{91CC3F5D-8010-45FA-8591-E09CF16BD1FB}.Debug|Mixed Platforms.Build.0 = Debug|Any CPU
		{91CC3F5D-8010-45FA-8591-E09CF16BD1FB}.Debug|x86.ActiveCfg = Debug|Any CPU
		{91CC3F5D-8010-45FA-8591-E09CF16BD1FB}.Release|Any CPU.ActiveCfg = Release|Any CPU
		{91CC3F5D-8010-45FA-8591-E09CF16BD1FB}.Release|Any CPU.Build.0 = Release|Any CPU
		{91CC3F5D-8010-45FA-8591-E09CF16BD1FB}.Release|Mixed Platforms.ActiveCfg = Release|Any CPU
		{91CC3F5D-8010-45FA-8591-E09CF16BD1FB}.Release|Mixed Platforms.Build.0 = Release|Any CPU
		{91CC3F5D-8010-45FA-8591-E09CF16BD1FB}.Release|x86.ActiveCfg = Release|Any CPU
		{04DE8D27-E013-4406-8C3B-6438C3D41D68}.Debug|Any CPU.ActiveCfg = Debug|Any CPU
		{04DE8D27-E013-4406-8C3B-6438C3D41D68}.Debug|Any CPU.Build.0 = Debug|Any CPU
		{04DE8D27-E013-4406-8C3B-6438C3D41D68}.Debug|Mixed Platforms.ActiveCfg = Debug|Any CPU
		{04DE8D27-E013-4406-8C3B-6438C3D41D68}.Debug|Mixed Platforms.Build.0 = Debug|Any CPU
		{04DE8D27-E013-4406-8C3B-6438C3D41D68}.Debug|x86.ActiveCfg = Debug|Any CPU
		{04DE8D27-E013-4406-8C3B-6438C3D41D68}.Release|Any CPU.ActiveCfg = Release|Any CPU
		{04DE8D27-E013-4406-8C3B-6438C3D41D68}.Release|Any CPU.Build.0 = Release|Any CPU
		{04DE8D27-E013-4406-8C3B-6438C3D41D68}.Release|Mixed Platforms.ActiveCfg = Release|Any CPU
		{04DE8D27-E013-4406-8C3B-6438C3D41D68}.Release|Mixed Platforms.Build.0 = Release|Any CPU
		{04DE8D27-E013-4406-8C3B-6438C3D41D68}.Release|x86.ActiveCfg = Release|Any CPU
		{967CB0DF-7EBA-49EF-8E5C-2CD45686208F}.Debug|Any CPU.ActiveCfg = Debug|Any CPU
		{967CB0DF-7EBA-49EF-8E5C-2CD45686208F}.Debug|Any CPU.Build.0 = Debug|Any CPU
		{967CB0DF-7EBA-49EF-8E5C-2CD45686208F}.Debug|Mixed Platforms.ActiveCfg = Debug|Any CPU
		{967CB0DF-7EBA-49EF-8E5C-2CD45686208F}.Debug|Mixed Platforms.Build.0 = Debug|Any CPU
		{967CB0DF-7EBA-49EF-8E5C-2CD45686208F}.Debug|x86.ActiveCfg = Debug|Any CPU
		{967CB0DF-7EBA-49EF-8E5C-2CD45686208F}.Release|Any CPU.ActiveCfg = Release|Any CPU
		{967CB0DF-7EBA-49EF-8E5C-2CD45686208F}.Release|Any CPU.Build.0 = Release|Any CPU
		{967CB0DF-7EBA-49EF-8E5C-2CD45686208F}.Release|Mixed Platforms.ActiveCfg = Release|Any CPU
		{967CB0DF-7EBA-49EF-8E5C-2CD45686208F}.Release|Mixed Platforms.Build.0 = Release|Any CPU
		{967CB0DF-7EBA-49EF-8E5C-2CD45686208F}.Release|x86.ActiveCfg = Release|Any CPU
		{9DE76BE9-A61B-4754-92DE-05B9FD2EEC5A}.Debug|Any CPU.ActiveCfg = Debug|Any CPU
		{9DE76BE9-A61B-4754-92DE-05B9FD2EEC5A}.Debug|Any CPU.Build.0 = Debug|Any CPU
		{9DE76BE9-A61B-4754-92DE-05B9FD2EEC5A}.Debug|Mixed Platforms.ActiveCfg = Debug|Any CPU
		{9DE76BE9-A61B-4754-92DE-05B9FD2EEC5A}.Debug|Mixed Platforms.Build.0 = Debug|Any CPU
		{9DE76BE9-A61B-4754-92DE-05B9FD2EEC5A}.Debug|x86.ActiveCfg = Debug|Any CPU
		{9DE76BE9-A61B-4754-92DE-05B9FD2EEC5A}.Release|Any CPU.ActiveCfg = Release|Any CPU
		{9DE76BE9-A61B-4754-92DE-05B9FD2EEC5A}.Release|Any CPU.Build.0 = Release|Any CPU
		{9DE76BE9-A61B-4754-92DE-05B9FD2EEC5A}.Release|Mixed Platforms.ActiveCfg = Release|Any CPU
		{9DE76BE9-A61B-4754-92DE-05B9FD2EEC5A}.Release|Mixed Platforms.Build.0 = Release|Any CPU
		{9DE76BE9-A61B-4754-92DE-05B9FD2EEC5A}.Release|x86.ActiveCfg = Release|Any CPU
	EndGlobalSection
	GlobalSection(SolutionProperties) = preSolution
		HideSolutionNode = FALSE
	EndGlobalSection
EndGlobal
